
Microsoft Visual Studio Solution File, Format Version 12.00
# Visual Studio Version 17
VisualStudioVersion = 17.8.34525.116
MinimumVisualStudioVersion = 10.0.40219.1
Project("{FAE04EC0-301F-11D3-BF4B-00C04F79EFBC}") = "StateMachine", "StateMachine.csproj", "{B7C2ACD4-C8CD-47E9-991F-1C02BA283851}"
EndProject
Global
	GlobalSection(SolutionConfigurationPlatforms) = preSolution
		Debug|Any CPU = Debug|Any CPU
		Release|Any CPU = Release|Any CPU
	EndGlobalSection
	GlobalSection(ProjectConfigurationPlatforms) = postSolution
		{B7C2ACD4-C8CD-47E9-991F-1C02BA283851}.Debug|Any CPU.ActiveCfg = Debug|Any CPU
		{B7C2ACD4-C8CD-47E9-991F-1C02BA283851}.Debug|Any CPU.Build.0 = Debug|Any CPU
		{B7C2ACD4-C8CD-47E9-991F-1C02BA283851}.Debug|Any CPU.Deploy.0 = Debug|Any CPU
		{B7C2ACD4-C8CD-47E9-991F-1C02BA283851}.Release|Any CPU.ActiveCfg = Release|Any CPU
		{B7C2ACD4-C8CD-47E9-991F-1C02BA283851}.Release|Any CPU.Build.0 = Release|Any CPU
		{B7C2ACD4-C8CD-47E9-991F-1C02BA283851}.Release|Any CPU.Deploy.0 = Release|Any CPU
	EndGlobalSection
	GlobalSection(SolutionProperties) = preSolution
		HideSolutionNode = FALSE
	EndGlobalSection
	GlobalSection(ExtensibilityGlobals) = postSolution
		SolutionGuid = {EF593CB6-07BA-4043-B24F-2F85B9575C81}
	EndGlobalSection
EndGlobal
